// !$*UTF8*$!
{
	archiveVersion = 1;
	classes = {
	};
	objectVersion = 50;
	objects = {

/* Begin PBXBuildFile section */
		79CFE18024E006B00012837F /* AppDelegate.swift in Sources */ = {isa = PBXBuildFile; fileRef = 79CFE17F24E006B00012837F /* AppDelegate.swift */; };
		79CFE18224E006B00012837F /* SceneDelegate.swift in Sources */ = {isa = PBXBuildFile; fileRef = 79CFE18124E006B00012837F /* SceneDelegate.swift */; };
		79CFE18424E006B00012837F /* ViewController.swift in Sources */ = {isa = PBXBuildFile; fileRef = 79CFE18324E006B00012837F /* ViewController.swift */; };
		79CFE18724E006B00012837F /* Main.storyboard in Resources */ = {isa = PBXBuildFile; fileRef = 79CFE18524E006B00012837F /* Main.storyboard */; };
		79CFE18A24E006B00012837F /* LufthansaApp.xcdatamodeld in Sources */ = {isa = PBXBuildFile; fileRef = 79CFE18824E006B00012837F /* LufthansaApp.xcdatamodeld */; };
		79CFE18C24E006B30012837F /* Assets.xcassets in Resources */ = {isa = PBXBuildFile; fileRef = 79CFE18B24E006B30012837F /* Assets.xcassets */; };
		79CFE18F24E006B30012837F /* LaunchScreen.storyboard in Resources */ = {isa = PBXBuildFile; fileRef = 79CFE18D24E006B30012837F /* LaunchScreen.storyboard */; };
/* End PBXBuildFile section */

/* Begin PBXFileReference section */
		79CFE17C24E006B00012837F /* LufthansaApp.app */ = {isa = PBXFileReference; explicitFileType = wrapper.application; includeInIndex = 0; path = LufthansaApp.app; sourceTree = BUILT_PRODUCTS_DIR; };
		79CFE17F24E006B00012837F /* AppDelegate.swift */ = {isa = PBXFileReference; lastKnownFileType = sourcecode.swift; path = AppDelegate.swift; sourceTree = "<group>"; };
		79CFE18124E006B00012837F /* SceneDelegate.swift */ = {isa = PBXFileReference; lastKnownFileType = sourcecode.swift; path = SceneDelegate.swift; sourceTree = "<group>"; };
		79CFE18324E006B00012837F /* ViewController.swift */ = {isa = PBXFileReference; lastKnownFileType = sourcecode.swift; path = ViewController.swift; sourceTree = "<group>"; };
		79CFE18624E006B00012837F /* Base */ = {isa = PBXFileReference; lastKnownFileType = file.storyboard; name = Base; path = Base.lproj/Main.storyboard; sourceTree = "<group>"; };
		79CFE18924E006B00012837F /* LufthansaApp.xcdatamodel */ = {isa = PBXFileReference; lastKnownFileType = wrapper.xcdatamodel; path = LufthansaApp.xcdatamodel; sourceTree = "<group>"; };
		79CFE18B24E006B30012837F /* Assets.xcassets */ = {isa = PBXFileReference; lastKnownFileType = folder.assetcatalog; path = Assets.xcassets; sourceTree = "<group>"; };
		79CFE18E24E006B30012837F /* Base */ = {isa = PBXFileReference; lastKnownFileType = file.storyboard; name = Base; path = Base.lproj/LaunchScreen.storyboard; sourceTree = "<group>"; };
		79CFE19024E006B30012837F /* Info.plist */ = {isa = PBXFileReference; lastKnownFileType = text.plist.xml; path = Info.plist; sourceTree = "<group>"; };
/* End PBXFileReference section */

/* Begin PBXFrameworksBuildPhase section */
		79CFE17924E006B00012837F /* Frameworks */ = {
			isa = PBXFrameworksBuildPhase;
			buildActionMask = 2147483647;
			files = (
			);
			runOnlyForDeploymentPostprocessing = 0;
		};
/* End PBXFrameworksBuildPhase section */

/* Begin PBXGroup section */
		79CFE17324E006AF0012837F = {
			isa = PBXGroup;
			children = (
				79CFE17E24E006B00012837F /* LufthansaApp */,
				79CFE17D24E006B00012837F /* Products */,
			);
			sourceTree = "<group>";
		};
		79CFE17D24E006B00012837F /* Products */ = {
			isa = PBXGroup;
			children = (
				79CFE17C24E006B00012837F /* LufthansaApp.app */,
			);
			name = Products;
			sourceTree = "<group>";
		};
		79CFE17E24E006B00012837F /* LufthansaApp */ = {
			isa = PBXGroup;
			children = (
				79CFE17F24E006B00012837F /* AppDelegate.swift */,
				79CFE18124E006B00012837F /* SceneDelegate.swift */,
				79CFE18324E006B00012837F /* ViewController.swift */,
				79CFE18524E006B00012837F /* Main.storyboard */,
				79CFE18B24E006B30012837F /* Assets.xcassets */,
				79CFE18D24E006B30012837F /* LaunchScreen.storyboard */,
				79CFE19024E006B30012837F /* Info.plist */,
				79CFE18824E006B00012837F /* LufthansaApp.xcdatamodeld */,
			);
			path = LufthansaApp;
			sourceTree = "<group>";
		};
/* End PBXGroup section */

/* Begin PBXNativeTarget section */
		79CFE17B24E006B00012837F /* LufthansaApp */ = {
			isa = PBXNativeTarget;
			buildConfigurationList = 79CFE19324E006B30012837F /* Build configuration list for PBXNativeTarget "LufthansaApp" */;
			buildPhases = (
				79CFE17824E006B00012837F /* Sources */,
				79CFE17924E006B00012837F /* Frameworks */,
				79CFE17A24E006B00012837F /* Resources */,
			);
			buildRules = (
			);
			dependencies = (
			);
			name = LufthansaApp;
			productName = LufthansaApp;
			productReference = 79CFE17C24E006B00012837F /* LufthansaApp.app */;
			productType = "com.apple.product-type.application";
		};
/* End PBXNativeTarget section */

/* Begin PBXProject section */
		79CFE17424E006AF0012837F /* Project object */ = {
			isa = PBXProject;
			attributes = {
				LastSwiftUpdateCheck = 1160;
				LastUpgradeCheck = 1160;
				ORGANIZATIONNAME = "Temirlan Dzodziev";
				TargetAttributes = {
					79CFE17B24E006B00012837F = {
						CreatedOnToolsVersion = 11.6;
					};
				};
			};
			buildConfigurationList = 79CFE17724E006AF0012837F /* Build configuration list for PBXProject "LufthansaApp" */;
			compatibilityVersion = "Xcode 9.3";
			developmentRegion = en;
			hasScannedForEncodings = 0;
			knownRegions = (
				en,
				Base,
			);
			mainGroup = 79CFE17324E006AF0012837F;
			productRefGroup = 79CFE17D24E006B00012837F /* Products */;
			projectDirPath = "";
			projectRoot = "";
			targets = (
				79CFE17B24E006B00012837F /* LufthansaApp */,
			);
		};
/* End PBXProject section */

/* Begin PBXResourcesBuildPhase section */
		79CFE17A24E006B00012837F /* Resources */ = {
			isa = PBXResourcesBuildPhase;
			buildActionMask = 2147483647;
			files = (
				79CFE18F24E006B30012837F /* LaunchScreen.storyboard in Resources */,
				79CFE18C24E006B30012837F /* Assets.xcassets in Resources */,
				79CFE18724E006B00012837F /* Main.storyboard in Resources */,
			);
			runOnlyForDeploymentPostprocessing = 0;
		};
/* End PBXResourcesBuildPhase section */

/* Begin PBXSourcesBuildPhase section */
		79CFE17824E006B00012837F /* Sources */ = {
			isa = PBXSourcesBuildPhase;
			buildActionMask = 2147483647;
			files = (
				79CFE18A24E006B00012837F /* LufthansaApp.xcdatamodeld in Sources */,
				79CFE18424E006B00012837F /* ViewController.swift in Sources */,
				79CFE18024E006B00012837F /* AppDelegate.swift in Sources */,
				79CFE18224E006B00012837F /* SceneDelegate.swift in Sources */,
			);
			runOnlyForDeploymentPostprocessing = 0;
		};
/* End PBXSourcesBuildPhase section */

/* Begin PBXVariantGroup section */
		79CFE18524E006B00012837F /* Main.storyboard */ = {
			isa = PBXVariantGroup;
			children = (
				79CFE18624E006B00012837F /* Base */,
			);
			name = Main.storyboard;
			sourceTree = "<group>";
		};
		79CFE18D24E006B30012837F /* LaunchScreen.storyboard */ = {
			isa = PBXVariantGroup;
			children = (
				79CFE18E24E006B30012837F /* Base */,
			);
			name = LaunchScreen.storyboard;
			sourceTree = "<group>";
		};
/* End PBXVariantGroup section */

/* Begin XCBuildConfiguration section */
		79CFE19124E006B30012837F /* Debug */ = {
			isa = XCBuildConfiguration;
			buildSettings = {
				ALWAYS_SEARCH_USER_PATHS = NO;
				CLANG_ANALYZER_NONNULL = YES;
				CLANG_ANALYZER_NUMBER_OBJECT_CONVERSION = YES_AGGRESSIVE;
				CLANG_CXX_LANGUAGE_STANDARD = "gnu++14";
				CLANG_CXX_LIBRARY = "libc++";
				CLANG_ENABLE_MODULES = YES;
				CLANG_ENABLE_OBJC_ARC = YES;
				CLANG_ENABLE_OBJC_WEAK = YES;
				CLANG_WARN_BLOCK_CAPTURE_AUTORELEASING = YES;
				CLANG_WARN_BOOL_CONVERSION = YES;
				CLANG_WARN_COMMA = YES;
				CLANG_WARN_CONSTANT_CONVERSION = YES;
				CLANG_WARN_DEPRECATED_OBJC_IMPLEMENTATIONS = YES;
				CLANG_WARN_DIRECT_OBJC_ISA_USAGE = YES_ERROR;
				CLANG_WARN_DOCUMENTATION_COMMENTS = YES;
				CLANG_WARN_EMPTY_BODY = YES;
				CLANG_WARN_ENUM_CONVERSION = YES;
				CLANG_WARN_INFINITE_RECURSION = YES;
				CLANG_WARN_INT_CONVERSION = YES;
				CLANG_WARN_NON_LITERAL_NULL_CONVERSION = YES;
				CLANG_WARN_OBJC_IMPLICIT_RETAIN_SELF = YES;
				CLANG_WARN_OBJC_LITERAL_CONVERSION = YES;
				CLANG_WARN_OBJC_ROOT_CLASS = YES_ERROR;
				CLANG_WARN_RANGE_LOOP_ANALYSIS = YES;
				CLANG_WARN_STRICT_PROTOTYPES = YES;
				CLANG_WARN_SUSPICIOUS_MOVE = YES;
				CLANG_WARN_UNGUARDED_AVAILABILITY = YES_AGGRESSIVE;
				CLANG_WARN_UNREACHABLE_CODE = YES;
				CLANG_WARN__DUPLICATE_METHOD_MATCH = YES;
				COPY_PHASE_STRIP = NO;
				DEBUG_INFORMATION_FORMAT = dwarf;
				ENABLE_STRICT_OBJC_MSGSEND = YES;
				ENABLE_TESTABILITY = YES;
				GCC_C_LANGUAGE_STANDARD = gnu11;
				GCC_DYNAMIC_NO_PIC = NO;
				GCC_NO_COMMON_BLOCKS = YES;
				GCC_OPTIMIZATION_LEVEL = 0;
				GCC_PREPROCESSOR_DEFINITIONS = (
					"DEBUG=1",
					"$(inherited)",
				);
				GCC_WARN_64_TO_32_BIT_CONVERSION = YES;
				GCC_WARN_ABOUT_RETURN_TYPE = YES_ERROR;
				GCC_WARN_UNDECLARED_SELECTOR = YES;
				GCC_WARN_UNINITIALIZED_AUTOS = YES_AGGRESSIVE;
				GCC_WARN_UNUSED_FUNCTION = YES;
				GCC_WARN_UNUSED_VARIABLE = YES;
				IPHONEOS_DEPLOYMENT_TARGET = 13.6;
				MTL_ENABLE_DEBUG_INFO = INCLUDE_SOURCE;
				MTL_FAST_MATH = YES;
				ONLY_ACTIVE_ARCH = YES;
				SDKROOT = iphoneos;
				SWIFT_ACTIVE_COMPILATION_CONDITIONS = DEBUG;
				SWIFT_OPTIMIZATION_LEVEL = "-Onone";
			};
			name = Debug;
		};
		79CFE19224E006B30012837F /* Release */ = {
			isa = XCBuildConfiguration;
			buildSettings = {
				ALWAYS_SEARCH_USER_PATHS = NO;
				CLANG_ANALYZER_NONNULL = YES;
				CLANG_ANALYZER_NUMBER_OBJECT_CONVERSION = YES_AGGRESSIVE;
				CLANG_CXX_LANGUAGE_STANDARD = "gnu++14";
				CLANG_CXX_LIBRARY = "libc++";
				CLANG_ENABLE_MODULES = YES;
				CLANG_ENABLE_OBJC_ARC = YES;
				CLANG_ENABLE_OBJC_WEAK = YES;
				CLANG_WARN_BLOCK_CAPTURE_AUTORELEASING = YES;
				CLANG_WARN_BOOL_CONVERSION = YES;
				CLANG_WARN_COMMA = YES;
				CLANG_WARN_CONSTANT_CONVERSION = YES;
				CLANG_WARN_DEPRECATED_OBJC_IMPLEMENTATIONS = YES;
				CLANG_WARN_DIRECT_OBJC_ISA_USAGE = YES_ERROR;
				CLANG_WARN_DOCUMENTATION_COMMENTS = YES;
				CLANG_WARN_EMPTY_BODY = YES;
				CLANG_WARN_ENUM_CONVERSION = YES;
				CLANG_WARN_INFINITE_RECURSION = YES;
				CLANG_WARN_INT_CONVERSION = YES;
				CLANG_WARN_NON_LITERAL_NULL_CONVERSION = YES;
				CLANG_WARN_OBJC_IMPLICIT_RETAIN_SELF = YES;
				CLANG_WARN_OBJC_LITERAL_CONVERSION = YES;
				CLANG_WARN_OBJC_ROOT_CLASS = YES_ERROR;
				CLANG_WARN_RANGE_LOOP_ANALYSIS = YES;
				CLANG_WARN_STRICT_PROTOTYPES = YES;
				CLANG_WARN_SUSPICIOUS_MOVE = YES;
				CLANG_WARN_UNGUARDED_AVAILABILITY = YES_AGGRESSIVE;
				CLANG_WARN_UNREACHABLE_CODE = YES;
				CLANG_WARN__DUPLICATE_METHOD_MATCH = YES;
				COPY_PHASE_STRIP = NO;
				DEBUG_INFORMATION_FORMAT = "dwarf-with-dsym";
				ENABLE_NS_ASSERTIONS = NO;
				ENABLE_STRICT_OBJC_MSGSEND = YES;
				GCC_C_LANGUAGE_STANDARD = gnu11;
				GCC_NO_COMMON_BLOCKS = YES;
				GCC_WARN_64_TO_32_BIT_CONVERSION = YES;
				GCC_WARN_ABOUT_RETURN_TYPE = YES_ERROR;
				GCC_WARN_UNDECLARED_SELECTOR = YES;
				GCC_WARN_UNINITIALIZED_AUTOS = YES_AGGRESSIVE;
				GCC_WARN_UNUSED_FUNCTION = YES;
				GCC_WARN_UNUSED_VARIABLE = YES;
				IPHONEOS_DEPLOYMENT_TARGET = 13.6;
				MTL_ENABLE_DEBUG_INFO = NO;
				MTL_FAST_MATH = YES;
				SDKROOT = iphoneos;
				SWIFT_COMPILATION_MODE = wholemodule;
				SWIFT_OPTIMIZATION_LEVEL = "-O";
				VALIDATE_PRODUCT = YES;
			};
			name = Release;
		};
		79CFE19424E006B30012837F /* Debug */ = {
			isa = XCBuildConfiguration;
			buildSettings = {
				ASSETCATALOG_COMPILER_APPICON_NAME = AppIcon;
				CODE_SIGN_STYLE = Automatic;
				DEVELOPMENT_TEAM = D6XYWNGKK3;
				INFOPLIST_FILE = LufthansaApp/Info.plist;
				LD_RUNPATH_SEARCH_PATHS = (
					"$(inherited)",
					"@executable_path/Frameworks",
				);
				PRODUCT_BUNDLE_IDENTIFIER = com.tommy.1313.LufthansaApp;
				PRODUCT_NAME = "$(TARGET_NAME)";
				SWIFT_VERSION = 5.0;
				TARGETED_DEVICE_FAMILY = "1,2";
			};
			name = Debug;
		};
		79CFE19524E006B30012837F /* Release */ = {
			isa = XCBuildConfiguration;
			buildSettings = {
				ASSETCATALOG_COMPILER_APPICON_NAME = AppIcon;
				CODE_SIGN_STYLE = Automatic;
				DEVELOPMENT_TEAM = D6XYWNGKK3;
				INFOPLIST_FILE = LufthansaApp/Info.plist;
				LD_RUNPATH_SEARCH_PATHS = (
					"$(inherited)",
					"@executable_path/Frameworks",
				);
				PRODUCT_BUNDLE_IDENTIFIER = com.tommy.1313.LufthansaApp;
				PRODUCT_NAME = "$(TARGET_NAME)";
				SWIFT_VERSION = 5.0;
				TARGETED_DEVICE_FAMILY = "1,2";
			};
			name = Release;
		};
/* End XCBuildConfiguration section */

/* Begin XCConfigurationList section */
		79CFE17724E006AF0012837F /* Build configuration list for PBXProject "LufthansaApp" */ = {
			isa = XCConfigurationList;
			buildConfigurations = (
				79CFE19124E006B30012837F /* Debug */,
				79CFE19224E006B30012837F /* Release */,
			);
			defaultConfigurationIsVisible = 0;
			defaultConfigurationName = Release;
		};
		79CFE19324E006B30012837F /* Build configuration list for PBXNativeTarget "LufthansaApp" */ = {
			isa = XCConfigurationList;
			buildConfigurations = (
				79CFE19424E006B30012837F /* Debug */,
				79CFE19524E006B30012837F /* Release */,
			);
			defaultConfigurationIsVisible = 0;
			defaultConfigurationName = Release;
		};
/* End XCConfigurationList section */

/* Begin XCVersionGroup section */
		79CFE18824E006B00012837F /* LufthansaApp.xcdatamodeld */ = {
			isa = XCVersionGroup;
			children = (
				79CFE18924E006B00012837F /* LufthansaApp.xcdatamodel */,
			);
			currentVersion = 79CFE18924E006B00012837F /* LufthansaApp.xcdatamodel */;
			path = LufthansaApp.xcdatamodeld;
			sourceTree = "<group>";
			versionGroupType = wrapper.xcdatamodel;
		};
/* End XCVersionGroup section */
	};
	rootObject = 79CFE17424E006AF0012837F /* Project object */;
}
