// !$*UTF8*$!
{
	archiveVersion = 1;
	classes = {
	};
	objectVersion = 50;
	objects = {

/* Begin PBXBuildFile section */
		7908388924E2B896007D2031 /* AirportsViewController.swift in Sources */ = {isa = PBXBuildFile; fileRef = 7908388724E2B896007D2031 /* AirportsViewController.swift */; };
		7908388A24E2B896007D2031 /* AirportsViewController.xib in Resources */ = {isa = PBXBuildFile; fileRef = 7908388824E2B896007D2031 /* AirportsViewController.xib */; };
		7908388E24E2B8C4007D2031 /* AirportsModel.swift in Sources */ = {isa = PBXBuildFile; fileRef = 7908388D24E2B8C4007D2031 /* AirportsModel.swift */; };
		7908389024E2B8CD007D2031 /* AirportsPresenter.swift in Sources */ = {isa = PBXBuildFile; fileRef = 7908388F24E2B8CD007D2031 /* AirportsPresenter.swift */; };
		7908389424E2F0E7007D2031 /* AirportsVC+TVDataSource.swift in Sources */ = {isa = PBXBuildFile; fileRef = 7908389324E2F0E6007D2031 /* AirportsVC+TVDataSource.swift */; };
		7908389724E2F100007D2031 /* AirportsVC+TVDelegate.swift in Sources */ = {isa = PBXBuildFile; fileRef = 7908389624E2F100007D2031 /* AirportsVC+TVDelegate.swift */; };
		7908389924E2F187007D2031 /* AirportsCell.swift in Sources */ = {isa = PBXBuildFile; fileRef = 7908389824E2F187007D2031 /* AirportsCell.swift */; };
		7908389B24E2FDD8007D2031 /* MapViewController.swift in Sources */ = {isa = PBXBuildFile; fileRef = 7908389A24E2FDD8007D2031 /* MapViewController.swift */; };
		790838A124E2FEE6007D2031 /* MapViewController.xib in Resources */ = {isa = PBXBuildFile; fileRef = 790838A024E2FEE6007D2031 /* MapViewController.xib */; };
		79A5A62024E2FF38004B5FBB /* NearesAirportsModel.swift in Sources */ = {isa = PBXBuildFile; fileRef = 79A5A61F24E2FF38004B5FBB /* NearesAirportsModel.swift */; };
		79A5A62324E2FF58004B5FBB /* MapPresenter.swift in Sources */ = {isa = PBXBuildFile; fileRef = 79A5A62224E2FF58004B5FBB /* MapPresenter.swift */; };
		79A5A62924E446D4004B5FBB /* MapPin.swift in Sources */ = {isa = PBXBuildFile; fileRef = 79A5A62824E446D4004B5FBB /* MapPin.swift */; };
		79A5A62B24E5563A004B5FBB /* CoreDataService.swift in Sources */ = {isa = PBXBuildFile; fileRef = 79A5A62A24E5563A004B5FBB /* CoreDataService.swift */; };
		79A5A62E24E66760004B5FBB /* MapVC+CLLocationManagerDelegate.swift in Sources */ = {isa = PBXBuildFile; fileRef = 79A5A62D24E66760004B5FBB /* MapVC+CLLocationManagerDelegate.swift */; };
		79A5A63024E667D6004B5FBB /* MapVC+MKMapViewDelegate.swift in Sources */ = {isa = PBXBuildFile; fileRef = 79A5A62F24E667D6004B5FBB /* MapVC+MKMapViewDelegate.swift */; };
		79A5A63224E6681C004B5FBB /* MapVC+MapViewProtocol.swift in Sources */ = {isa = PBXBuildFile; fileRef = 79A5A63124E6681C004B5FBB /* MapVC+MapViewProtocol.swift */; };
		79A5A63424E66B93004B5FBB /* CountriesVC+CountriesViewProtocol.swift in Sources */ = {isa = PBXBuildFile; fileRef = 79A5A63324E66B93004B5FBB /* CountriesVC+CountriesViewProtocol.swift */; };
		79A5A63624E66BE6004B5FBB /* CitiesVC+CitiesViewProtocol.swift in Sources */ = {isa = PBXBuildFile; fileRef = 79A5A63524E66BE6004B5FBB /* CitiesVC+CitiesViewProtocol.swift */; };
		79A5A63824E66C1C004B5FBB /* AirportsVC+AirportsViewProtocol.swift in Sources */ = {isa = PBXBuildFile; fileRef = 79A5A63724E66C1C004B5FBB /* AirportsVC+AirportsViewProtocol.swift */; };
		79CFE18024E006B00012837F /* AppDelegate.swift in Sources */ = {isa = PBXBuildFile; fileRef = 79CFE17F24E006B00012837F /* AppDelegate.swift */; };
		79CFE18224E006B00012837F /* SceneDelegate.swift in Sources */ = {isa = PBXBuildFile; fileRef = 79CFE18124E006B00012837F /* SceneDelegate.swift */; };
		79CFE18424E006B00012837F /* MenuViewController.swift in Sources */ = {isa = PBXBuildFile; fileRef = 79CFE18324E006B00012837F /* MenuViewController.swift */; };
		79CFE18A24E006B00012837F /* LufthansaApp.xcdatamodeld in Sources */ = {isa = PBXBuildFile; fileRef = 79CFE18824E006B00012837F /* LufthansaApp.xcdatamodeld */; };
		79CFE18C24E006B30012837F /* Assets.xcassets in Resources */ = {isa = PBXBuildFile; fileRef = 79CFE18B24E006B30012837F /* Assets.xcassets */; };
		79CFE18F24E006B30012837F /* LaunchScreen.storyboard in Resources */ = {isa = PBXBuildFile; fileRef = 79CFE18D24E006B30012837F /* LaunchScreen.storyboard */; };
		79CFE19B24E08B750012837F /* Router.swift in Sources */ = {isa = PBXBuildFile; fileRef = 79CFE19A24E08B750012837F /* Router.swift */; };
		79CFE1D124E12E060012837F /* MenuPresenter.swift in Sources */ = {isa = PBXBuildFile; fileRef = 79CFE1D024E12E060012837F /* MenuPresenter.swift */; };
		79CFE1D324E12E9D0012837F /* Builder.swift in Sources */ = {isa = PBXBuildFile; fileRef = 79CFE1D224E12E9D0012837F /* Builder.swift */; };
		79CFE1D524E12FAD0012837F /* MenuView.xib in Resources */ = {isa = PBXBuildFile; fileRef = 79CFE1D424E12FAD0012837F /* MenuView.xib */; };
		79CFE1E024E14FDE0012837F /* CountriesModel.swift in Sources */ = {isa = PBXBuildFile; fileRef = 79CFE1DF24E14FDE0012837F /* CountriesModel.swift */; };
		79CFE1E224E15C4A0012837F /* MenuCell.swift in Sources */ = {isa = PBXBuildFile; fileRef = 79CFE1E124E15C490012837F /* MenuCell.swift */; };
		79CFE1E424E15EBA0012837F /* MenuVC+CVDataSource.swift in Sources */ = {isa = PBXBuildFile; fileRef = 79CFE1E324E15EBA0012837F /* MenuVC+CVDataSource.swift */; };
		79CFE1E724E162460012837F /* MenuVC+CVDelegate.swift in Sources */ = {isa = PBXBuildFile; fileRef = 79CFE1E624E162460012837F /* MenuVC+CVDelegate.swift */; };
		79CFE1E924E1725C0012837F /* CountriesViewController.swift in Sources */ = {isa = PBXBuildFile; fileRef = 79CFE1E824E1725B0012837F /* CountriesViewController.swift */; };
		79CFE1EE24E1729C0012837F /* CountriesPresenter.swift in Sources */ = {isa = PBXBuildFile; fileRef = 79CFE1ED24E1729C0012837F /* CountriesPresenter.swift */; };
		79CFE1F124E172B20012837F /* CountriesView.xib in Resources */ = {isa = PBXBuildFile; fileRef = 79CFE1F024E172B20012837F /* CountriesView.xib */; };
		79CFE1F324E19EC60012837F /* NetworkRequest.swift in Sources */ = {isa = PBXBuildFile; fileRef = 79CFE1F224E19EC60012837F /* NetworkRequest.swift */; };
		79CFE1F524E1AE270012837F /* CountryCell.swift in Sources */ = {isa = PBXBuildFile; fileRef = 79CFE1F424E1AE270012837F /* CountryCell.swift */; };
		79CFE1F724E1AE780012837F /* CountriesVC+TVDataSource.swift in Sources */ = {isa = PBXBuildFile; fileRef = 79CFE1F624E1AE780012837F /* CountriesVC+TVDataSource.swift */; };
		79CFE1FA24E2839C0012837F /* CountriesVC+TVDelegate.swift in Sources */ = {isa = PBXBuildFile; fileRef = 79CFE1F924E2839B0012837F /* CountriesVC+TVDelegate.swift */; };
		79CFE1FD24E28A2B0012837F /* CitiesViewController.swift in Sources */ = {isa = PBXBuildFile; fileRef = 79CFE1FB24E28A2B0012837F /* CitiesViewController.swift */; };
		79CFE1FE24E28A2B0012837F /* CitiesViewController.xib in Resources */ = {isa = PBXBuildFile; fileRef = 79CFE1FC24E28A2B0012837F /* CitiesViewController.xib */; };
		79CFE20224E28A5D0012837F /* CitiesPresenter.swift in Sources */ = {isa = PBXBuildFile; fileRef = 79CFE20124E28A5D0012837F /* CitiesPresenter.swift */; };
		79CFE20424E28A750012837F /* CitiesModel.swift in Sources */ = {isa = PBXBuildFile; fileRef = 79CFE20324E28A750012837F /* CitiesModel.swift */; };
		79CFE20824E2A4810012837F /* CityCell.swift in Sources */ = {isa = PBXBuildFile; fileRef = 79CFE20724E2A4810012837F /* CityCell.swift */; };
		79CFE20A24E2A4DB0012837F /* CitiesVC+TVDataSource.swift in Sources */ = {isa = PBXBuildFile; fileRef = 79CFE20924E2A4DB0012837F /* CitiesVC+TVDataSource.swift */; };
		79CFE20D24E2A6000012837F /* CitiesVC+TVDelegate.swift in Sources */ = {isa = PBXBuildFile; fileRef = 79CFE20C24E2A6000012837F /* CitiesVC+TVDelegate.swift */; };
		BE89B97524E6D72900A1FC7A /* CountryManagedObject.swift in Sources */ = {isa = PBXBuildFile; fileRef = BE89B97424E6D72900A1FC7A /* CountryManagedObject.swift */; };
/* End PBXBuildFile section */

/* Begin PBXFileReference section */
		7908388724E2B896007D2031 /* AirportsViewController.swift */ = {isa = PBXFileReference; lastKnownFileType = sourcecode.swift; path = AirportsViewController.swift; sourceTree = "<group>"; };
		7908388824E2B896007D2031 /* AirportsViewController.xib */ = {isa = PBXFileReference; lastKnownFileType = file.xib; path = AirportsViewController.xib; sourceTree = "<group>"; };
		7908388D24E2B8C4007D2031 /* AirportsModel.swift */ = {isa = PBXFileReference; lastKnownFileType = sourcecode.swift; path = AirportsModel.swift; sourceTree = "<group>"; };
		7908388F24E2B8CD007D2031 /* AirportsPresenter.swift */ = {isa = PBXFileReference; lastKnownFileType = sourcecode.swift; path = AirportsPresenter.swift; sourceTree = "<group>"; };
		7908389324E2F0E6007D2031 /* AirportsVC+TVDataSource.swift */ = {isa = PBXFileReference; lastKnownFileType = sourcecode.swift; path = "AirportsVC+TVDataSource.swift"; sourceTree = "<group>"; };
		7908389624E2F100007D2031 /* AirportsVC+TVDelegate.swift */ = {isa = PBXFileReference; lastKnownFileType = sourcecode.swift; path = "AirportsVC+TVDelegate.swift"; sourceTree = "<group>"; };
		7908389824E2F187007D2031 /* AirportsCell.swift */ = {isa = PBXFileReference; lastKnownFileType = sourcecode.swift; path = AirportsCell.swift; sourceTree = "<group>"; };
		7908389A24E2FDD8007D2031 /* MapViewController.swift */ = {isa = PBXFileReference; lastKnownFileType = sourcecode.swift; path = MapViewController.swift; sourceTree = "<group>"; };
		790838A024E2FEE6007D2031 /* MapViewController.xib */ = {isa = PBXFileReference; lastKnownFileType = file.xib; path = MapViewController.xib; sourceTree = "<group>"; };
		79A5A61F24E2FF38004B5FBB /* NearesAirportsModel.swift */ = {isa = PBXFileReference; lastKnownFileType = sourcecode.swift; path = NearesAirportsModel.swift; sourceTree = "<group>"; };
		79A5A62224E2FF58004B5FBB /* MapPresenter.swift */ = {isa = PBXFileReference; lastKnownFileType = sourcecode.swift; path = MapPresenter.swift; sourceTree = "<group>"; };
		79A5A62824E446D4004B5FBB /* MapPin.swift */ = {isa = PBXFileReference; lastKnownFileType = sourcecode.swift; path = MapPin.swift; sourceTree = "<group>"; };
		79A5A62A24E5563A004B5FBB /* CoreDataService.swift */ = {isa = PBXFileReference; lastKnownFileType = sourcecode.swift; path = CoreDataService.swift; sourceTree = "<group>"; };
		79A5A62D24E66760004B5FBB /* MapVC+CLLocationManagerDelegate.swift */ = {isa = PBXFileReference; lastKnownFileType = sourcecode.swift; path = "MapVC+CLLocationManagerDelegate.swift"; sourceTree = "<group>"; };
		79A5A62F24E667D6004B5FBB /* MapVC+MKMapViewDelegate.swift */ = {isa = PBXFileReference; lastKnownFileType = sourcecode.swift; path = "MapVC+MKMapViewDelegate.swift"; sourceTree = "<group>"; };
		79A5A63124E6681C004B5FBB /* MapVC+MapViewProtocol.swift */ = {isa = PBXFileReference; lastKnownFileType = sourcecode.swift; path = "MapVC+MapViewProtocol.swift"; sourceTree = "<group>"; };
		79A5A63324E66B93004B5FBB /* CountriesVC+CountriesViewProtocol.swift */ = {isa = PBXFileReference; lastKnownFileType = sourcecode.swift; path = "CountriesVC+CountriesViewProtocol.swift"; sourceTree = "<group>"; };
		79A5A63524E66BE6004B5FBB /* CitiesVC+CitiesViewProtocol.swift */ = {isa = PBXFileReference; lastKnownFileType = sourcecode.swift; path = "CitiesVC+CitiesViewProtocol.swift"; sourceTree = "<group>"; };
		79A5A63724E66C1C004B5FBB /* AirportsVC+AirportsViewProtocol.swift */ = {isa = PBXFileReference; lastKnownFileType = sourcecode.swift; path = "AirportsVC+AirportsViewProtocol.swift"; sourceTree = "<group>"; };
		79CFE17C24E006B00012837F /* LufthansaApp.app */ = {isa = PBXFileReference; explicitFileType = wrapper.application; includeInIndex = 0; path = LufthansaApp.app; sourceTree = BUILT_PRODUCTS_DIR; };
		79CFE17F24E006B00012837F /* AppDelegate.swift */ = {isa = PBXFileReference; lastKnownFileType = sourcecode.swift; path = AppDelegate.swift; sourceTree = "<group>"; };
		79CFE18124E006B00012837F /* SceneDelegate.swift */ = {isa = PBXFileReference; lastKnownFileType = sourcecode.swift; path = SceneDelegate.swift; sourceTree = "<group>"; };
		79CFE18324E006B00012837F /* MenuViewController.swift */ = {isa = PBXFileReference; lastKnownFileType = sourcecode.swift; path = MenuViewController.swift; sourceTree = "<group>"; };
		79CFE18924E006B00012837F /* LufthansaApp.xcdatamodel */ = {isa = PBXFileReference; lastKnownFileType = wrapper.xcdatamodel; path = LufthansaApp.xcdatamodel; sourceTree = "<group>"; };
		79CFE18B24E006B30012837F /* Assets.xcassets */ = {isa = PBXFileReference; lastKnownFileType = folder.assetcatalog; path = Assets.xcassets; sourceTree = "<group>"; };
		79CFE18E24E006B30012837F /* Base */ = {isa = PBXFileReference; lastKnownFileType = file.storyboard; name = Base; path = Base.lproj/LaunchScreen.storyboard; sourceTree = "<group>"; };
		79CFE19024E006B30012837F /* Info.plist */ = {isa = PBXFileReference; lastKnownFileType = text.plist.xml; path = Info.plist; sourceTree = "<group>"; };
		79CFE19A24E08B750012837F /* Router.swift */ = {isa = PBXFileReference; lastKnownFileType = sourcecode.swift; path = Router.swift; sourceTree = "<group>"; };
		79CFE1D024E12E060012837F /* MenuPresenter.swift */ = {isa = PBXFileReference; lastKnownFileType = sourcecode.swift; path = MenuPresenter.swift; sourceTree = "<group>"; };
		79CFE1D224E12E9D0012837F /* Builder.swift */ = {isa = PBXFileReference; lastKnownFileType = sourcecode.swift; path = Builder.swift; sourceTree = "<group>"; };
		79CFE1D424E12FAD0012837F /* MenuView.xib */ = {isa = PBXFileReference; lastKnownFileType = file.xib; path = MenuView.xib; sourceTree = "<group>"; };
		79CFE1DF24E14FDE0012837F /* CountriesModel.swift */ = {isa = PBXFileReference; lastKnownFileType = sourcecode.swift; path = CountriesModel.swift; sourceTree = "<group>"; };
		79CFE1E124E15C490012837F /* MenuCell.swift */ = {isa = PBXFileReference; lastKnownFileType = sourcecode.swift; path = MenuCell.swift; sourceTree = "<group>"; };
		79CFE1E324E15EBA0012837F /* MenuVC+CVDataSource.swift */ = {isa = PBXFileReference; lastKnownFileType = sourcecode.swift; path = "MenuVC+CVDataSource.swift"; sourceTree = "<group>"; };
		79CFE1E624E162460012837F /* MenuVC+CVDelegate.swift */ = {isa = PBXFileReference; lastKnownFileType = sourcecode.swift; path = "MenuVC+CVDelegate.swift"; sourceTree = "<group>"; };
		79CFE1E824E1725B0012837F /* CountriesViewController.swift */ = {isa = PBXFileReference; lastKnownFileType = sourcecode.swift; path = CountriesViewController.swift; sourceTree = "<group>"; };
		79CFE1ED24E1729C0012837F /* CountriesPresenter.swift */ = {isa = PBXFileReference; lastKnownFileType = sourcecode.swift; path = CountriesPresenter.swift; sourceTree = "<group>"; };
		79CFE1F024E172B20012837F /* CountriesView.xib */ = {isa = PBXFileReference; lastKnownFileType = file.xib; path = CountriesView.xib; sourceTree = "<group>"; };
		79CFE1F224E19EC60012837F /* NetworkRequest.swift */ = {isa = PBXFileReference; lastKnownFileType = sourcecode.swift; path = NetworkRequest.swift; sourceTree = "<group>"; };
		79CFE1F424E1AE270012837F /* CountryCell.swift */ = {isa = PBXFileReference; lastKnownFileType = sourcecode.swift; path = CountryCell.swift; sourceTree = "<group>"; };
		79CFE1F624E1AE780012837F /* CountriesVC+TVDataSource.swift */ = {isa = PBXFileReference; lastKnownFileType = sourcecode.swift; path = "CountriesVC+TVDataSource.swift"; sourceTree = "<group>"; };
		79CFE1F924E2839B0012837F /* CountriesVC+TVDelegate.swift */ = {isa = PBXFileReference; lastKnownFileType = sourcecode.swift; path = "CountriesVC+TVDelegate.swift"; sourceTree = "<group>"; };
		79CFE1FB24E28A2B0012837F /* CitiesViewController.swift */ = {isa = PBXFileReference; lastKnownFileType = sourcecode.swift; path = CitiesViewController.swift; sourceTree = "<group>"; };
		79CFE1FC24E28A2B0012837F /* CitiesViewController.xib */ = {isa = PBXFileReference; lastKnownFileType = file.xib; path = CitiesViewController.xib; sourceTree = "<group>"; };
		79CFE20124E28A5D0012837F /* CitiesPresenter.swift */ = {isa = PBXFileReference; lastKnownFileType = sourcecode.swift; path = CitiesPresenter.swift; sourceTree = "<group>"; };
		79CFE20324E28A750012837F /* CitiesModel.swift */ = {isa = PBXFileReference; lastKnownFileType = sourcecode.swift; path = CitiesModel.swift; sourceTree = "<group>"; };
		79CFE20724E2A4810012837F /* CityCell.swift */ = {isa = PBXFileReference; lastKnownFileType = sourcecode.swift; path = CityCell.swift; sourceTree = "<group>"; };
		79CFE20924E2A4DB0012837F /* CitiesVC+TVDataSource.swift */ = {isa = PBXFileReference; lastKnownFileType = sourcecode.swift; path = "CitiesVC+TVDataSource.swift"; sourceTree = "<group>"; };
		79CFE20C24E2A6000012837F /* CitiesVC+TVDelegate.swift */ = {isa = PBXFileReference; lastKnownFileType = sourcecode.swift; path = "CitiesVC+TVDelegate.swift"; sourceTree = "<group>"; };
		BE89B97424E6D72900A1FC7A /* CountryManagedObject.swift */ = {isa = PBXFileReference; lastKnownFileType = sourcecode.swift; path = CountryManagedObject.swift; sourceTree = "<group>"; };
/* End PBXFileReference section */

/* Begin PBXFrameworksBuildPhase section */
		79CFE17924E006B00012837F /* Frameworks */ = {
			isa = PBXFrameworksBuildPhase;
			buildActionMask = 2147483647;
			files = (
			);
			runOnlyForDeploymentPostprocessing = 0;
		};
/* End PBXFrameworksBuildPhase section */

/* Begin PBXGroup section */
		7908388B24E2B89B007D2031 /* AirportsScreenModule */ = {
			isa = PBXGroup;
			children = (
				7908389224E2B8D9007D2031 /* Model */,
				7908388C24E2B8B8007D2031 /* View */,
				7908389124E2B8D2007D2031 /* Presenter */,
				7908389524E2F0EB007D2031 /* Extensions */,
			);
			path = AirportsScreenModule;
			sourceTree = "<group>";
		};
		7908388C24E2B8B8007D2031 /* View */ = {
			isa = PBXGroup;
			children = (
				7908388724E2B896007D2031 /* AirportsViewController.swift */,
				7908389824E2F187007D2031 /* AirportsCell.swift */,
				7908388824E2B896007D2031 /* AirportsViewController.xib */,
			);
			path = View;
			sourceTree = "<group>";
		};
		7908389124E2B8D2007D2031 /* Presenter */ = {
			isa = PBXGroup;
			children = (
				7908388F24E2B8CD007D2031 /* AirportsPresenter.swift */,
			);
			path = Presenter;
			sourceTree = "<group>";
		};
		7908389224E2B8D9007D2031 /* Model */ = {
			isa = PBXGroup;
			children = (
				7908388D24E2B8C4007D2031 /* AirportsModel.swift */,
			);
			path = Model;
			sourceTree = "<group>";
		};
		7908389524E2F0EB007D2031 /* Extensions */ = {
			isa = PBXGroup;
			children = (
				7908389324E2F0E6007D2031 /* AirportsVC+TVDataSource.swift */,
				7908389624E2F100007D2031 /* AirportsVC+TVDelegate.swift */,
				79A5A63724E66C1C004B5FBB /* AirportsVC+AirportsViewProtocol.swift */,
			);
			path = Extensions;
			sourceTree = "<group>";
		};
		7908389C24E2FDDE007D2031 /* MapScreenModule */ = {
			isa = PBXGroup;
			children = (
				79A5A62124E2FF3C004B5FBB /* Model */,
				79A5A61E24E2FF1A004B5FBB /* View */,
				79A5A62424E2FF5B004B5FBB /* Presenter */,
				79A5A62724E43419004B5FBB /* Extension */,
			);
			path = MapScreenModule;
			sourceTree = "<group>";
		};
		79A5A61E24E2FF1A004B5FBB /* View */ = {
			isa = PBXGroup;
			children = (
				7908389A24E2FDD8007D2031 /* MapViewController.swift */,
				790838A024E2FEE6007D2031 /* MapViewController.xib */,
				79A5A62824E446D4004B5FBB /* MapPin.swift */,
			);
			path = View;
			sourceTree = "<group>";
		};
		79A5A62124E2FF3C004B5FBB /* Model */ = {
			isa = PBXGroup;
			children = (
				79A5A61F24E2FF38004B5FBB /* NearesAirportsModel.swift */,
			);
			path = Model;
			sourceTree = "<group>";
		};
		79A5A62424E2FF5B004B5FBB /* Presenter */ = {
			isa = PBXGroup;
			children = (
				79A5A62224E2FF58004B5FBB /* MapPresenter.swift */,
			);
			path = Presenter;
			sourceTree = "<group>";
		};
		79A5A62724E43419004B5FBB /* Extension */ = {
			isa = PBXGroup;
			children = (
				79A5A62D24E66760004B5FBB /* MapVC+CLLocationManagerDelegate.swift */,
				79A5A62F24E667D6004B5FBB /* MapVC+MKMapViewDelegate.swift */,
				79A5A63124E6681C004B5FBB /* MapVC+MapViewProtocol.swift */,
			);
			path = Extension;
			sourceTree = "<group>";
		};
		79A5A62C24E5563F004B5FBB /* CoreData */ = {
			isa = PBXGroup;
			children = (
				79A5A62A24E5563A004B5FBB /* CoreDataService.swift */,
				79CFE18824E006B00012837F /* LufthansaApp.xcdatamodeld */,
				BE89B97424E6D72900A1FC7A /* CountryManagedObject.swift */,
			);
			path = CoreData;
			sourceTree = "<group>";
		};
		79CFE17324E006AF0012837F = {
			isa = PBXGroup;
			children = (
				79CFE17E24E006B00012837F /* LufthansaApp */,
				79CFE17D24E006B00012837F /* Products */,
			);
			sourceTree = "<group>";
		};
		79CFE17D24E006B00012837F /* Products */ = {
			isa = PBXGroup;
			children = (
				79CFE17C24E006B00012837F /* LufthansaApp.app */,
			);
			name = Products;
			sourceTree = "<group>";
		};
		79CFE17E24E006B00012837F /* LufthansaApp */ = {
			isa = PBXGroup;
			children = (
				79CFE19E24E08EDE0012837F /* Router */,
				79CFE19F24E08EE50012837F /* Builder */,
				79CFE1A024E08EF00012837F /* MenuScreenModule */,
				79CFE1EA24E172640012837F /* CountriesScreenModule */,
				79CFE1FF24E28A310012837F /* CitiesScreenModule */,
				7908388B24E2B89B007D2031 /* AirportsScreenModule */,
				7908389C24E2FDDE007D2031 /* MapScreenModule */,
				79CFE1D824E13B510012837F /* ServiceLayers */,
				79CFE1A324E08F1F0012837F /* Delegates */,
				79CFE18B24E006B30012837F /* Assets.xcassets */,
				79CFE18D24E006B30012837F /* LaunchScreen.storyboard */,
				79CFE19024E006B30012837F /* Info.plist */,
			);
			path = LufthansaApp;
			sourceTree = "<group>";
		};
		79CFE19E24E08EDE0012837F /* Router */ = {
			isa = PBXGroup;
			children = (
				79CFE19A24E08B750012837F /* Router.swift */,
			);
			path = Router;
			sourceTree = "<group>";
		};
		79CFE19F24E08EE50012837F /* Builder */ = {
			isa = PBXGroup;
			children = (
				79CFE1D224E12E9D0012837F /* Builder.swift */,
			);
			path = Builder;
			sourceTree = "<group>";
		};
		79CFE1A024E08EF00012837F /* MenuScreenModule */ = {
			isa = PBXGroup;
			children = (
				79CFE1A124E08F0C0012837F /* View */,
				79CFE1A224E08F100012837F /* Presenter */,
				79CFE1E524E15EBF0012837F /* Extensions */,
			);
			path = MenuScreenModule;
			sourceTree = "<group>";
		};
		79CFE1A124E08F0C0012837F /* View */ = {
			isa = PBXGroup;
			children = (
				79CFE18324E006B00012837F /* MenuViewController.swift */,
				79CFE1D424E12FAD0012837F /* MenuView.xib */,
				79CFE1E124E15C490012837F /* MenuCell.swift */,
			);
			path = View;
			sourceTree = "<group>";
		};
		79CFE1A224E08F100012837F /* Presenter */ = {
			isa = PBXGroup;
			children = (
				79CFE1D024E12E060012837F /* MenuPresenter.swift */,
			);
			path = Presenter;
			sourceTree = "<group>";
		};
		79CFE1A324E08F1F0012837F /* Delegates */ = {
			isa = PBXGroup;
			children = (
				79CFE17F24E006B00012837F /* AppDelegate.swift */,
				79CFE18124E006B00012837F /* SceneDelegate.swift */,
			);
			path = Delegates;
			sourceTree = "<group>";
		};
		79CFE1D824E13B510012837F /* ServiceLayers */ = {
			isa = PBXGroup;
			children = (
				79CFE1DE24E14EBA0012837F /* Network */,
				79A5A62C24E5563F004B5FBB /* CoreData */,
			);
			path = ServiceLayers;
			sourceTree = "<group>";
		};
		79CFE1DE24E14EBA0012837F /* Network */ = {
			isa = PBXGroup;
			children = (
				79CFE1F224E19EC60012837F /* NetworkRequest.swift */,
			);
			path = Network;
			sourceTree = "<group>";
		};
		79CFE1E524E15EBF0012837F /* Extensions */ = {
			isa = PBXGroup;
			children = (
				79CFE1E324E15EBA0012837F /* MenuVC+CVDataSource.swift */,
				79CFE1E624E162460012837F /* MenuVC+CVDelegate.swift */,
			);
			path = Extensions;
			sourceTree = "<group>";
		};
		79CFE1EA24E172640012837F /* CountriesScreenModule */ = {
			isa = PBXGroup;
			children = (
				79CFE1EB24E172810012837F /* Model */,
				79CFE1EC24E172870012837F /* View */,
				79CFE1EF24E172A00012837F /* Presenter */,
				79CFE1F824E1AE7D0012837F /* Extensions */,
			);
			path = CountriesScreenModule;
			sourceTree = "<group>";
		};
		79CFE1EB24E172810012837F /* Model */ = {
			isa = PBXGroup;
			children = (
				79CFE1DF24E14FDE0012837F /* CountriesModel.swift */,
			);
			path = Model;
			sourceTree = "<group>";
		};
		79CFE1EC24E172870012837F /* View */ = {
			isa = PBXGroup;
			children = (
				79CFE1E824E1725B0012837F /* CountriesViewController.swift */,
				79CFE1F024E172B20012837F /* CountriesView.xib */,
				79CFE1F424E1AE270012837F /* CountryCell.swift */,
			);
			path = View;
			sourceTree = "<group>";
		};
		79CFE1EF24E172A00012837F /* Presenter */ = {
			isa = PBXGroup;
			children = (
				79CFE1ED24E1729C0012837F /* CountriesPresenter.swift */,
			);
			path = Presenter;
			sourceTree = "<group>";
		};
		79CFE1F824E1AE7D0012837F /* Extensions */ = {
			isa = PBXGroup;
			children = (
				79A5A63324E66B93004B5FBB /* CountriesVC+CountriesViewProtocol.swift */,
				79CFE1F624E1AE780012837F /* CountriesVC+TVDataSource.swift */,
				79CFE1F924E2839B0012837F /* CountriesVC+TVDelegate.swift */,
			);
			path = Extensions;
			sourceTree = "<group>";
		};
		79CFE1FF24E28A310012837F /* CitiesScreenModule */ = {
			isa = PBXGroup;
			children = (
				79CFE20524E28A790012837F /* Model */,
				79CFE20024E28A4C0012837F /* View */,
				79CFE20624E28A830012837F /* Presenter */,
				79CFE20B24E2A4DF0012837F /* Extensions */,
			);
			path = CitiesScreenModule;
			sourceTree = "<group>";
		};
		79CFE20024E28A4C0012837F /* View */ = {
			isa = PBXGroup;
			children = (
				79CFE1FB24E28A2B0012837F /* CitiesViewController.swift */,
				79CFE20724E2A4810012837F /* CityCell.swift */,
				79CFE1FC24E28A2B0012837F /* CitiesViewController.xib */,
			);
			path = View;
			sourceTree = "<group>";
		};
		79CFE20524E28A790012837F /* Model */ = {
			isa = PBXGroup;
			children = (
				79CFE20324E28A750012837F /* CitiesModel.swift */,
			);
			path = Model;
			sourceTree = "<group>";
		};
		79CFE20624E28A830012837F /* Presenter */ = {
			isa = PBXGroup;
			children = (
				79CFE20124E28A5D0012837F /* CitiesPresenter.swift */,
			);
			path = Presenter;
			sourceTree = "<group>";
		};
		79CFE20B24E2A4DF0012837F /* Extensions */ = {
			isa = PBXGroup;
			children = (
				79A5A63524E66BE6004B5FBB /* CitiesVC+CitiesViewProtocol.swift */,
				79CFE20924E2A4DB0012837F /* CitiesVC+TVDataSource.swift */,
				79CFE20C24E2A6000012837F /* CitiesVC+TVDelegate.swift */,
			);
			path = Extensions;
			sourceTree = "<group>";
		};
/* End PBXGroup section */

/* Begin PBXNativeTarget section */
		79CFE17B24E006B00012837F /* LufthansaApp */ = {
			isa = PBXNativeTarget;
			buildConfigurationList = 79CFE19324E006B30012837F /* Build configuration list for PBXNativeTarget "LufthansaApp" */;
			buildPhases = (
				79CFE17824E006B00012837F /* Sources */,
				79CFE17924E006B00012837F /* Frameworks */,
				79CFE17A24E006B00012837F /* Resources */,
				79CFE1D924E143910012837F /* ShellScript */,
			);
			buildRules = (
			);
			dependencies = (
			);
			name = LufthansaApp;
			productName = LufthansaApp;
			productReference = 79CFE17C24E006B00012837F /* LufthansaApp.app */;
			productType = "com.apple.product-type.application";
		};
/* End PBXNativeTarget section */

/* Begin PBXProject section */
		79CFE17424E006AF0012837F /* Project object */ = {
			isa = PBXProject;
			attributes = {
				LastSwiftUpdateCheck = 1160;
				LastUpgradeCheck = 1160;
				ORGANIZATIONNAME = "Temirlan Dzodziev";
				TargetAttributes = {
					79CFE17B24E006B00012837F = {
						CreatedOnToolsVersion = 11.6;
					};
				};
			};
			buildConfigurationList = 79CFE17724E006AF0012837F /* Build configuration list for PBXProject "LufthansaApp" */;
			compatibilityVersion = "Xcode 9.3";
			developmentRegion = en;
			hasScannedForEncodings = 0;
			knownRegions = (
				en,
				Base,
			);
			mainGroup = 79CFE17324E006AF0012837F;
			productRefGroup = 79CFE17D24E006B00012837F /* Products */;
			projectDirPath = "";
			projectRoot = "";
			targets = (
				79CFE17B24E006B00012837F /* LufthansaApp */,
			);
		};
/* End PBXProject section */

/* Begin PBXResourcesBuildPhase section */
		79CFE17A24E006B00012837F /* Resources */ = {
			isa = PBXResourcesBuildPhase;
			buildActionMask = 2147483647;
			files = (
				79CFE18F24E006B30012837F /* LaunchScreen.storyboard in Resources */,
				79CFE1F124E172B20012837F /* CountriesView.xib in Resources */,
				7908388A24E2B896007D2031 /* AirportsViewController.xib in Resources */,
				79CFE1D524E12FAD0012837F /* MenuView.xib in Resources */,
				790838A124E2FEE6007D2031 /* MapViewController.xib in Resources */,
				79CFE18C24E006B30012837F /* Assets.xcassets in Resources */,
				79CFE1FE24E28A2B0012837F /* CitiesViewController.xib in Resources */,
			);
			runOnlyForDeploymentPostprocessing = 0;
		};
/* End PBXResourcesBuildPhase section */

/* Begin PBXShellScriptBuildPhase section */
		79CFE1D924E143910012837F /* ShellScript */ = {
			isa = PBXShellScriptBuildPhase;
			buildActionMask = 2147483647;
			files = (
			);
			inputFileListPaths = (
			);
			inputPaths = (
			);
			outputFileListPaths = (
			);
			outputPaths = (
			);
			runOnlyForDeploymentPostprocessing = 0;
			shellPath = /bin/sh;
			shellScript = "if which swiftlint >/dev/null; then\n  swiftlint\nelse\n  echo \"warning: SwiftLint not installed, download from https://github.com/realm/SwiftLint\"\nfi\n";
		};
/* End PBXShellScriptBuildPhase section */

/* Begin PBXSourcesBuildPhase section */
		79CFE17824E006B00012837F /* Sources */ = {
			isa = PBXSourcesBuildPhase;
			buildActionMask = 2147483647;
			files = (
				79A5A62B24E5563A004B5FBB /* CoreDataService.swift in Sources */,
				79CFE1F324E19EC60012837F /* NetworkRequest.swift in Sources */,
				79CFE1E024E14FDE0012837F /* CountriesModel.swift in Sources */,
				79CFE20A24E2A4DB0012837F /* CitiesVC+TVDataSource.swift in Sources */,
				79A5A62324E2FF58004B5FBB /* MapPresenter.swift in Sources */,
				79CFE1F524E1AE270012837F /* CountryCell.swift in Sources */,
				79A5A63024E667D6004B5FBB /* MapVC+MKMapViewDelegate.swift in Sources */,
				7908389424E2F0E7007D2031 /* AirportsVC+TVDataSource.swift in Sources */,
				7908389024E2B8CD007D2031 /* AirportsPresenter.swift in Sources */,
				79A5A63824E66C1C004B5FBB /* AirportsVC+AirportsViewProtocol.swift in Sources */,
				79CFE1FD24E28A2B0012837F /* CitiesViewController.swift in Sources */,
				79A5A62024E2FF38004B5FBB /* NearesAirportsModel.swift in Sources */,
				79CFE18A24E006B00012837F /* LufthansaApp.xcdatamodeld in Sources */,
				79CFE20824E2A4810012837F /* CityCell.swift in Sources */,
				79A5A63424E66B93004B5FBB /* CountriesVC+CountriesViewProtocol.swift in Sources */,
				BE89B97524E6D72900A1FC7A /* CountryManagedObject.swift in Sources */,
				79CFE20224E28A5D0012837F /* CitiesPresenter.swift in Sources */,
				79A5A62924E446D4004B5FBB /* MapPin.swift in Sources */,
				79CFE1E224E15C4A0012837F /* MenuCell.swift in Sources */,
				79CFE1E724E162460012837F /* MenuVC+CVDelegate.swift in Sources */,
				7908388924E2B896007D2031 /* AirportsViewController.swift in Sources */,
				7908389B24E2FDD8007D2031 /* MapViewController.swift in Sources */,
				7908388E24E2B8C4007D2031 /* AirportsModel.swift in Sources */,
				79CFE1E424E15EBA0012837F /* MenuVC+CVDataSource.swift in Sources */,
				79A5A62E24E66760004B5FBB /* MapVC+CLLocationManagerDelegate.swift in Sources */,
				79CFE1FA24E2839C0012837F /* CountriesVC+TVDelegate.swift in Sources */,
				79CFE19B24E08B750012837F /* Router.swift in Sources */,
				79A5A63224E6681C004B5FBB /* MapVC+MapViewProtocol.swift in Sources */,
				79CFE1EE24E1729C0012837F /* CountriesPresenter.swift in Sources */,
				79CFE20D24E2A6000012837F /* CitiesVC+TVDelegate.swift in Sources */,
				7908389924E2F187007D2031 /* AirportsCell.swift in Sources */,
				79CFE1D324E12E9D0012837F /* Builder.swift in Sources */,
				79CFE1E924E1725C0012837F /* CountriesViewController.swift in Sources */,
				79CFE20424E28A750012837F /* CitiesModel.swift in Sources */,
				79CFE18424E006B00012837F /* MenuViewController.swift in Sources */,
				7908389724E2F100007D2031 /* AirportsVC+TVDelegate.swift in Sources */,
				79CFE18024E006B00012837F /* AppDelegate.swift in Sources */,
				79A5A63624E66BE6004B5FBB /* CitiesVC+CitiesViewProtocol.swift in Sources */,
				79CFE18224E006B00012837F /* SceneDelegate.swift in Sources */,
				79CFE1F724E1AE780012837F /* CountriesVC+TVDataSource.swift in Sources */,
				79CFE1D124E12E060012837F /* MenuPresenter.swift in Sources */,
			);
			runOnlyForDeploymentPostprocessing = 0;
		};
/* End PBXSourcesBuildPhase section */

/* Begin PBXVariantGroup section */
		79CFE18D24E006B30012837F /* LaunchScreen.storyboard */ = {
			isa = PBXVariantGroup;
			children = (
				79CFE18E24E006B30012837F /* Base */,
			);
			name = LaunchScreen.storyboard;
			sourceTree = "<group>";
		};
/* End PBXVariantGroup section */

/* Begin XCBuildConfiguration section */
		79CFE19124E006B30012837F /* Debug */ = {
			isa = XCBuildConfiguration;
			buildSettings = {
				ALWAYS_SEARCH_USER_PATHS = NO;
				CLANG_ANALYZER_NONNULL = YES;
				CLANG_ANALYZER_NUMBER_OBJECT_CONVERSION = YES_AGGRESSIVE;
				CLANG_CXX_LANGUAGE_STANDARD = "gnu++14";
				CLANG_CXX_LIBRARY = "libc++";
				CLANG_ENABLE_MODULES = YES;
				CLANG_ENABLE_OBJC_ARC = YES;
				CLANG_ENABLE_OBJC_WEAK = YES;
				CLANG_WARN_BLOCK_CAPTURE_AUTORELEASING = YES;
				CLANG_WARN_BOOL_CONVERSION = YES;
				CLANG_WARN_COMMA = YES;
				CLANG_WARN_CONSTANT_CONVERSION = YES;
				CLANG_WARN_DEPRECATED_OBJC_IMPLEMENTATIONS = YES;
				CLANG_WARN_DIRECT_OBJC_ISA_USAGE = YES_ERROR;
				CLANG_WARN_DOCUMENTATION_COMMENTS = YES;
				CLANG_WARN_EMPTY_BODY = YES;
				CLANG_WARN_ENUM_CONVERSION = YES;
				CLANG_WARN_INFINITE_RECURSION = YES;
				CLANG_WARN_INT_CONVERSION = YES;
				CLANG_WARN_NON_LITERAL_NULL_CONVERSION = YES;
				CLANG_WARN_OBJC_IMPLICIT_RETAIN_SELF = YES;
				CLANG_WARN_OBJC_LITERAL_CONVERSION = YES;
				CLANG_WARN_OBJC_ROOT_CLASS = YES_ERROR;
				CLANG_WARN_RANGE_LOOP_ANALYSIS = YES;
				CLANG_WARN_STRICT_PROTOTYPES = YES;
				CLANG_WARN_SUSPICIOUS_MOVE = YES;
				CLANG_WARN_UNGUARDED_AVAILABILITY = YES_AGGRESSIVE;
				CLANG_WARN_UNREACHABLE_CODE = YES;
				CLANG_WARN__DUPLICATE_METHOD_MATCH = YES;
				COPY_PHASE_STRIP = NO;
				DEBUG_INFORMATION_FORMAT = dwarf;
				ENABLE_STRICT_OBJC_MSGSEND = YES;
				ENABLE_TESTABILITY = YES;
				GCC_C_LANGUAGE_STANDARD = gnu11;
				GCC_DYNAMIC_NO_PIC = NO;
				GCC_NO_COMMON_BLOCKS = YES;
				GCC_OPTIMIZATION_LEVEL = 0;
				GCC_PREPROCESSOR_DEFINITIONS = (
					"DEBUG=1",
					"$(inherited)",
				);
				GCC_WARN_64_TO_32_BIT_CONVERSION = YES;
				GCC_WARN_ABOUT_RETURN_TYPE = YES_ERROR;
				GCC_WARN_UNDECLARED_SELECTOR = YES;
				GCC_WARN_UNINITIALIZED_AUTOS = YES_AGGRESSIVE;
				GCC_WARN_UNUSED_FUNCTION = YES;
				GCC_WARN_UNUSED_VARIABLE = YES;
				IPHONEOS_DEPLOYMENT_TARGET = 13.6;
				MTL_ENABLE_DEBUG_INFO = INCLUDE_SOURCE;
				MTL_FAST_MATH = YES;
				ONLY_ACTIVE_ARCH = YES;
				SDKROOT = iphoneos;
				SWIFT_ACTIVE_COMPILATION_CONDITIONS = DEBUG;
				SWIFT_OPTIMIZATION_LEVEL = "-Onone";
			};
			name = Debug;
		};
		79CFE19224E006B30012837F /* Release */ = {
			isa = XCBuildConfiguration;
			buildSettings = {
				ALWAYS_SEARCH_USER_PATHS = NO;
				CLANG_ANALYZER_NONNULL = YES;
				CLANG_ANALYZER_NUMBER_OBJECT_CONVERSION = YES_AGGRESSIVE;
				CLANG_CXX_LANGUAGE_STANDARD = "gnu++14";
				CLANG_CXX_LIBRARY = "libc++";
				CLANG_ENABLE_MODULES = YES;
				CLANG_ENABLE_OBJC_ARC = YES;
				CLANG_ENABLE_OBJC_WEAK = YES;
				CLANG_WARN_BLOCK_CAPTURE_AUTORELEASING = YES;
				CLANG_WARN_BOOL_CONVERSION = YES;
				CLANG_WARN_COMMA = YES;
				CLANG_WARN_CONSTANT_CONVERSION = YES;
				CLANG_WARN_DEPRECATED_OBJC_IMPLEMENTATIONS = YES;
				CLANG_WARN_DIRECT_OBJC_ISA_USAGE = YES_ERROR;
				CLANG_WARN_DOCUMENTATION_COMMENTS = YES;
				CLANG_WARN_EMPTY_BODY = YES;
				CLANG_WARN_ENUM_CONVERSION = YES;
				CLANG_WARN_INFINITE_RECURSION = YES;
				CLANG_WARN_INT_CONVERSION = YES;
				CLANG_WARN_NON_LITERAL_NULL_CONVERSION = YES;
				CLANG_WARN_OBJC_IMPLICIT_RETAIN_SELF = YES;
				CLANG_WARN_OBJC_LITERAL_CONVERSION = YES;
				CLANG_WARN_OBJC_ROOT_CLASS = YES_ERROR;
				CLANG_WARN_RANGE_LOOP_ANALYSIS = YES;
				CLANG_WARN_STRICT_PROTOTYPES = YES;
				CLANG_WARN_SUSPICIOUS_MOVE = YES;
				CLANG_WARN_UNGUARDED_AVAILABILITY = YES_AGGRESSIVE;
				CLANG_WARN_UNREACHABLE_CODE = YES;
				CLANG_WARN__DUPLICATE_METHOD_MATCH = YES;
				COPY_PHASE_STRIP = NO;
				DEBUG_INFORMATION_FORMAT = "dwarf-with-dsym";
				ENABLE_NS_ASSERTIONS = NO;
				ENABLE_STRICT_OBJC_MSGSEND = YES;
				GCC_C_LANGUAGE_STANDARD = gnu11;
				GCC_NO_COMMON_BLOCKS = YES;
				GCC_WARN_64_TO_32_BIT_CONVERSION = YES;
				GCC_WARN_ABOUT_RETURN_TYPE = YES_ERROR;
				GCC_WARN_UNDECLARED_SELECTOR = YES;
				GCC_WARN_UNINITIALIZED_AUTOS = YES_AGGRESSIVE;
				GCC_WARN_UNUSED_FUNCTION = YES;
				GCC_WARN_UNUSED_VARIABLE = YES;
				IPHONEOS_DEPLOYMENT_TARGET = 13.6;
				MTL_ENABLE_DEBUG_INFO = NO;
				MTL_FAST_MATH = YES;
				SDKROOT = iphoneos;
				SWIFT_COMPILATION_MODE = wholemodule;
				SWIFT_OPTIMIZATION_LEVEL = "-O";
				VALIDATE_PRODUCT = YES;
			};
			name = Release;
		};
		79CFE19424E006B30012837F /* Debug */ = {
			isa = XCBuildConfiguration;
			buildSettings = {
				ASSETCATALOG_COMPILER_APPICON_NAME = AppIcon;
				CODE_SIGN_STYLE = Automatic;
				DEVELOPMENT_TEAM = D6XYWNGKK3;
				INFOPLIST_FILE = LufthansaApp/Info.plist;
				IPHONEOS_DEPLOYMENT_TARGET = 13.0;
				LD_RUNPATH_SEARCH_PATHS = (
					"$(inherited)",
					"@executable_path/Frameworks",
				);
				PRODUCT_BUNDLE_IDENTIFIER = com.tommy.1313.LufthansaApp;
				PRODUCT_NAME = "$(TARGET_NAME)";
				SWIFT_VERSION = 5.0;
				TARGETED_DEVICE_FAMILY = "1,2";
			};
			name = Debug;
		};
		79CFE19524E006B30012837F /* Release */ = {
			isa = XCBuildConfiguration;
			buildSettings = {
				ASSETCATALOG_COMPILER_APPICON_NAME = AppIcon;
				CODE_SIGN_STYLE = Automatic;
				DEVELOPMENT_TEAM = D6XYWNGKK3;
				INFOPLIST_FILE = LufthansaApp/Info.plist;
				IPHONEOS_DEPLOYMENT_TARGET = 13.0;
				LD_RUNPATH_SEARCH_PATHS = (
					"$(inherited)",
					"@executable_path/Frameworks",
				);
				PRODUCT_BUNDLE_IDENTIFIER = com.tommy.1313.LufthansaApp;
				PRODUCT_NAME = "$(TARGET_NAME)";
				SWIFT_VERSION = 5.0;
				TARGETED_DEVICE_FAMILY = "1,2";
			};
			name = Release;
		};
/* End XCBuildConfiguration section */

/* Begin XCConfigurationList section */
		79CFE17724E006AF0012837F /* Build configuration list for PBXProject "LufthansaApp" */ = {
			isa = XCConfigurationList;
			buildConfigurations = (
				79CFE19124E006B30012837F /* Debug */,
				79CFE19224E006B30012837F /* Release */,
			);
			defaultConfigurationIsVisible = 0;
			defaultConfigurationName = Release;
		};
		79CFE19324E006B30012837F /* Build configuration list for PBXNativeTarget "LufthansaApp" */ = {
			isa = XCConfigurationList;
			buildConfigurations = (
				79CFE19424E006B30012837F /* Debug */,
				79CFE19524E006B30012837F /* Release */,
			);
			defaultConfigurationIsVisible = 0;
			defaultConfigurationName = Release;
		};
/* End XCConfigurationList section */

/* Begin XCVersionGroup section */
		79CFE18824E006B00012837F /* LufthansaApp.xcdatamodeld */ = {
			isa = XCVersionGroup;
			children = (
				79CFE18924E006B00012837F /* LufthansaApp.xcdatamodel */,
			);
			currentVersion = 79CFE18924E006B00012837F /* LufthansaApp.xcdatamodel */;
			path = LufthansaApp.xcdatamodeld;
			sourceTree = "<group>";
			versionGroupType = wrapper.xcdatamodel;
		};
/* End XCVersionGroup section */
	};
	rootObject = 79CFE17424E006AF0012837F /* Project object */;
}
